<Solution>
  <Folder Name="/build/">
    <File Path="build.ps1" />
    <File Path="coverlet.runsettings" />
    <File Path="Directory.Build.props" />
    <File Path="Directory.Packages.props" />
    <File Path="NuGet.Config" />
  </Folder>
  <Folder Name="/src/">
    <Project Path="src/Netclaw.Actors/Netclaw.Actors.csproj" />
    <Project Path="src/Netclaw.Embeddings/Netclaw.Embeddings.csproj" />
    <Project Path="src/Netclaw.Embeddings.Tests/Netclaw.Embeddings.Tests.csproj" />
    <Project Path="src/Netclaw.Channels/Netclaw.Channels.csproj" />
    <Project Path="src/Netclaw.Channels.Discord/Netclaw.Channels.Discord.csproj" />
    <Project Path="src/Netclaw.Channels.Mattermost/Netclaw.Channels.Mattermost.csproj" />
    <Project Path="src/Netclaw.Channels.Slack/Netclaw.Channels.Slack.csproj" />
    <Project Path="src/Netclaw.Channels.Telegram/Netclaw.Channels.Telegram.csproj" />
    <Project Path="src/Netclaw.Configuration.Tests/Netclaw.Configuration.Tests.csproj" />
    <Project Path="src/Netclaw.Configuration/Netclaw.Configuration.csproj" />
    <Project Path="src/Netclaw.Daemon.Tests/Netclaw.Daemon.Tests.csproj" />
    <Project Path="src/Netclaw.Daemon.IntegrationTests/Netclaw.Daemon.IntegrationTests.csproj" />
    <Project Path="src/Netclaw.Daemon/Netclaw.Daemon.csproj" />
    <Project Path="src/Netclaw.Media.Tests/Netclaw.Media.Tests.csproj" />
    <Project Path="src/Netclaw.Media/Netclaw.Media.csproj" />
    <Project Path="src/Netclaw.Cli.Tests/Netclaw.Cli.Tests.csproj" />
    <Project Path="src/Netclaw.Cli/Netclaw.Cli.csproj" />
    <Project Path="src/Netclaw.Actors.Tests/Netclaw.Actors.Tests.csproj" />
    <Project Path="src/Netclaw.Tests.Utilities/Netclaw.Tests.Utilities.csproj" />
    <Project Path="src/Netclaw.Tools.Abstractions/Netclaw.Tools.Abstractions.csproj" />
    <Project Path="src/Netclaw.Tools.Generators/Netclaw.Tools.Generators.csproj" />
    <Project Path="src/Netclaw.Search/Netclaw.Search.csproj" />
    <Project Path="src/Netclaw.Providers/Netclaw.Providers.csproj" />
    <Project Path="src/Netclaw.Search.Tests/Netclaw.Search.Tests.csproj" />
    <Project Path="src/Netclaw.Security/Netclaw.Security.csproj" />
    <Project Path="src/Netclaw.Security.Tests/Netclaw.Security.Tests.csproj" />
    <Project Path="src/Netclaw.Channels.Mattermost.Bootstrap/Netclaw.Channels.Mattermost.Bootstrap.csproj" />
    <Project Path="src/Netclaw.Channels.Mattermost.IntegrationTests/Netclaw.Channels.Mattermost.IntegrationTests.csproj" />
  </Folder>
  <Folder Name="/samples/">
    <Project Path="samples/Netclaw.Demo.AppHost/Netclaw.Demo.AppHost.csproj" />
    <Project Path="samples/Netclaw.Demo.AppHost.IntegrationTests/Netclaw.Demo.AppHost.IntegrationTests.csproj" />
    <Project Path="samples/Netclaw.Telegram.TestHost/Netclaw.Telegram.TestHost.csproj" />
  </Folder>
  <Folder Name="/tests/">
    <Project Path="tests/Netclaw.SmokeLlmServer.Tests/Netclaw.SmokeLlmServer.Tests.csproj" />
    <Project Path="tests/Netclaw.SmokeLlmServer/Netclaw.SmokeLlmServer.csproj" />
    <Project Path="tests/Netclaw.SmokeMcpServer/Netclaw.SmokeMcpServer.csproj" />
  </Folder>
  <Folder Name="/benchmarks/">
    <Project Path="benchmarks/Netclaw.Benchmarks/Netclaw.Benchmarks.csproj" />
  </Folder>
</Solution>
